
Microsoft Visual Studio Solution File, Format Version 12.00
# Visual Studio 15
VisualStudioVersion = 15.0.26430.16
MinimumVisualStudioVersion = 10.0.40219.1
Project("{FAE04EC0-301F-11D3-BF4B-00C04F79EFBC}") = "BrowserTestAdapter", "BrowserTestAdapter\BrowserTestAdapter.csproj", "{3E80EF8A-3146-43B9-BA74-74CB0377712E}"
EndProject
Project("{FAE04EC0-301F-11D3-BF4B-00C04F79EFBC}") = "ConsoleApp1", "ConsoleApp1\ConsoleApp1.csproj", "{D29E4C28-405D-469C-A0DA-DF8E77BA6125}"
EndProject
Project("{FAE04EC0-301F-11D3-BF4B-00C04F79EFBC}") = "Tests", "Tests\Tests.csproj", "{E8024697-6673-4BB0-816E-DF2D1123FF7B}"
EndProject
Project("{FAE04EC0-301F-11D3-BF4B-00C04F79EFBC}") = "MyXmlExtension", "MyXmlExtension\MyXmlExtension.csproj", "{2D2CA066-DC96-4DB7-AF08-A53E041CC9E3}"
EndProject
Project("{FAE04EC0-301F-11D3-BF4B-00C04F79EFBC}") = "TestRunner", "TestRunner\TestRunner.csproj", "{77638CD3-3358-48BD-8800-AEB64DF29411}"
EndProject
Global
	GlobalSection(SolutionConfigurationPlatforms) = preSolution
		Debug|Any CPU = Debug|Any CPU
		Release|Any CPU = Release|Any CPU
	EndGlobalSection
	GlobalSection(ProjectConfigurationPlatforms) = postSolution
		{3E80EF8A-3146-43B9-BA74-74CB0377712E}.Debug|Any CPU.ActiveCfg = Debug|Any CPU
		{3E80EF8A-3146-43B9-BA74-74CB0377712E}.Debug|Any CPU.Build.0 = Debug|Any CPU
		{3E80EF8A-3146-43B9-BA74-74CB0377712E}.Release|Any CPU.ActiveCfg = Release|Any CPU
		{3E80EF8A-3146-43B9-BA74-74CB0377712E}.Release|Any CPU.Build.0 = Release|Any CPU
		{D29E4C28-405D-469C-A0DA-DF8E77BA6125}.Debug|Any CPU.ActiveCfg = Debug|Any CPU
		{D29E4C28-405D-469C-A0DA-DF8E77BA6125}.Debug|Any CPU.Build.0 = Debug|Any CPU
		{D29E4C28-405D-469C-A0DA-DF8E77BA6125}.Release|Any CPU.ActiveCfg = Release|Any CPU
		{D29E4C28-405D-469C-A0DA-DF8E77BA6125}.Release|Any CPU.Build.0 = Release|Any CPU
		{E8024697-6673-4BB0-816E-DF2D1123FF7B}.Debug|Any CPU.ActiveCfg = Debug|Any CPU
		{E8024697-6673-4BB0-816E-DF2D1123FF7B}.Debug|Any CPU.Build.0 = Debug|Any CPU
		{E8024697-6673-4BB0-816E-DF2D1123FF7B}.Release|Any CPU.ActiveCfg = Release|Any CPU
		{E8024697-6673-4BB0-816E-DF2D1123FF7B}.Release|Any CPU.Build.0 = Release|Any CPU
		{2D2CA066-DC96-4DB7-AF08-A53E041CC9E3}.Debug|Any CPU.ActiveCfg = Debug|Any CPU
		{2D2CA066-DC96-4DB7-AF08-A53E041CC9E3}.Debug|Any CPU.Build.0 = Debug|Any CPU
		{2D2CA066-DC96-4DB7-AF08-A53E041CC9E3}.Release|Any CPU.ActiveCfg = Release|Any CPU
		{2D2CA066-DC96-4DB7-AF08-A53E041CC9E3}.Release|Any CPU.Build.0 = Release|Any CPU
		{77638CD3-3358-48BD-8800-AEB64DF29411}.Debug|Any CPU.ActiveCfg = Debug|Any CPU
		{77638CD3-3358-48BD-8800-AEB64DF29411}.Debug|Any CPU.Build.0 = Debug|Any CPU
		{77638CD3-3358-48BD-8800-AEB64DF29411}.Release|Any CPU.ActiveCfg = Release|Any CPU
		{77638CD3-3358-48BD-8800-AEB64DF29411}.Release|Any CPU.Build.0 = Release|Any CPU
	EndGlobalSection
	GlobalSection(SolutionProperties) = preSolution
		HideSolutionNode = FALSE
	EndGlobalSection
EndGlobal
